
Microsoft Visual Studio Solution File, Format Version 12.00
# Visual Studio Version 17
VisualStudioVersion = 17.5.33424.131
MinimumVisualStudioVersion = 10.0.40219.1
Project("{FAE04EC0-301F-11D3-BF4B-00C04F79EFBC}") = "5", "5\5.csproj", "{2EC479F7-A231-43A7-9CDE-9787424276DC}"
EndProject
Global
	GlobalSection(SolutionConfigurationPlatforms) = preSolution
		Debug|Any CPU = Debug|Any CPU
		Release|Any CPU = Release|Any CPU
	EndGlobalSection
	GlobalSection(ProjectConfigurationPlatforms) = postSolution
		{2EC479F7-A231-43A7-9CDE-9787424276DC}.Debug|Any CPU.ActiveCfg = Debug|Any CPU
		{2EC479F7-A231-43A7-9CDE-9787424276DC}.Debug|Any CPU.Build.0 = Debug|Any CPU
		{2EC479F7-A231-43A7-9CDE-9787424276DC}.Release|Any CPU.ActiveCfg = Release|Any CPU
		{2EC479F7-A231-43A7-9CDE-9787424276DC}.Release|Any CPU.Build.0 = Release|Any CPU
	EndGlobalSection
	GlobalSection(SolutionProperties) = preSolution
		HideSolutionNode = FALSE
	EndGlobalSection
	GlobalSection(ExtensibilityGlobals) = postSolution
		SolutionGuid = {5717C7F4-6341-4852-9945-19C131A87938}
	EndGlobalSection
EndGlobal
